
Microsoft Visual Studio Solution File, Format Version 12.00
# Visual Studio 15
VisualStudioVersion = 15.0.26430.6
MinimumVisualStudioVersion = 10.0.40219.1
Project("{FAE04EC0-301F-11D3-BF4B-00C04F79EFBC}") = "2013108203-CON", "2013108203-CON\2013108203-CON.csproj", "{BE24282C-FFD0-4AB9-9DF2-BD7175EEF539}"
EndProject
Project("{FAE04EC0-301F-11D3-BF4B-00C04F79EFBC}") = "2013108203-ENT", "2013108203-ENT\2013108203-ENT.csproj", "{836BED6F-3129-4420-B346-CFB364F38B2E}"
EndProject
Project("{FAE04EC0-301F-11D3-BF4B-00C04F79EFBC}") = "2013108203-PER", "2013108203-PER\2013108203-PER.csproj", "{ADA57C53-90A5-4F24-93B8-9D6E018A9458}"
EndProject
Project("{FAE04EC0-301F-11D3-BF4B-00C04F79EFBC}") = "2013108203-MVC", "2013108203-MVC\2013108203-MVC.csproj", "{68DF0DFA-C8B2-485D-B455-530636831345}"
EndProject
Project("{FAE04EC0-301F-11D3-BF4B-00C04F79EFBC}") = "2013108203-API", "2013108203-API\2013108203-API.csproj", "{0376CF00-768B-445C-89B0-1D59BC259E20}"
EndProject
Global
	GlobalSection(SolutionConfigurationPlatforms) = preSolution
		Debug|Any CPU = Debug|Any CPU
		Release|Any CPU = Release|Any CPU
	EndGlobalSection
	GlobalSection(ProjectConfigurationPlatforms) = postSolution
		{BE24282C-FFD0-4AB9-9DF2-BD7175EEF539}.Debug|Any CPU.ActiveCfg = Debug|Any CPU
		{BE24282C-FFD0-4AB9-9DF2-BD7175EEF539}.Debug|Any CPU.Build.0 = Debug|Any CPU
		{BE24282C-FFD0-4AB9-9DF2-BD7175EEF539}.Release|Any CPU.ActiveCfg = Release|Any CPU
		{BE24282C-FFD0-4AB9-9DF2-BD7175EEF539}.Release|Any CPU.Build.0 = Release|Any CPU
		{836BED6F-3129-4420-B346-CFB364F38B2E}.Debug|Any CPU.ActiveCfg = Debug|Any CPU
		{836BED6F-3129-4420-B346-CFB364F38B2E}.Debug|Any CPU.Build.0 = Debug|Any CPU
		{836BED6F-3129-4420-B346-CFB364F38B2E}.Release|Any CPU.ActiveCfg = Release|Any CPU
		{836BED6F-3129-4420-B346-CFB364F38B2E}.Release|Any CPU.Build.0 = Release|Any CPU
		{ADA57C53-90A5-4F24-93B8-9D6E018A9458}.Debug|Any CPU.ActiveCfg = Debug|Any CPU
		{ADA57C53-90A5-4F24-93B8-9D6E018A9458}.Debug|Any CPU.Build.0 = Debug|Any CPU
		{ADA57C53-90A5-4F24-93B8-9D6E018A9458}.Release|Any CPU.ActiveCfg = Release|Any CPU
		{ADA57C53-90A5-4F24-93B8-9D6E018A9458}.Release|Any CPU.Build.0 = Release|Any CPU
		{68DF0DFA-C8B2-485D-B455-530636831345}.Debug|Any CPU.ActiveCfg = Debug|Any CPU
		{68DF0DFA-C8B2-485D-B455-530636831345}.Debug|Any CPU.Build.0 = Debug|Any CPU
		{68DF0DFA-C8B2-485D-B455-530636831345}.Release|Any CPU.ActiveCfg = Release|Any CPU
		{68DF0DFA-C8B2-485D-B455-530636831345}.Release|Any CPU.Build.0 = Release|Any CPU
		{0376CF00-768B-445C-89B0-1D59BC259E20}.Debug|Any CPU.ActiveCfg = Debug|Any CPU
		{0376CF00-768B-445C-89B0-1D59BC259E20}.Debug|Any CPU.Build.0 = Debug|Any CPU
		{0376CF00-768B-445C-89B0-1D59BC259E20}.Release|Any CPU.ActiveCfg = Release|Any CPU
		{0376CF00-768B-445C-89B0-1D59BC259E20}.Release|Any CPU.Build.0 = Release|Any CPU
	EndGlobalSection
	GlobalSection(SolutionProperties) = preSolution
		HideSolutionNode = FALSE
	EndGlobalSection
EndGlobal
